
Microsoft Visual Studio Solution File, Format Version 12.00
# Visual Studio Version 17
VisualStudioVersion = 17.1.31911.260
MinimumVisualStudioVersion = 10.0.40219.1
Project("{9A19103F-16F7-4668-BE54-9A1E7A4F7556}") = "Mars", "Mars\Mars.csproj", "{21A39403-95E1-4A71-B51F-A2880FA392DB}"
EndProject
Project("{FAE04EC0-301F-11D3-BF4B-00C04F79EFBC}") = "Mars.Tests", "Mars.Tests\Mars.Tests.csproj", "{1840B8DB-23B8-4D35-9B1E-5A73AEBC5079}"
EndProject
Global
	GlobalSection(SolutionConfigurationPlatforms) = preSolution
		Debug|Any CPU = Debug|Any CPU
		Release|Any CPU = Release|Any CPU
	EndGlobalSection
	GlobalSection(ProjectConfigurationPlatforms) = postSolution
		{21A39403-95E1-4A71-B51F-A2880FA392DB}.Debug|Any CPU.ActiveCfg = Debug|Any CPU
		{21A39403-95E1-4A71-B51F-A2880FA392DB}.Debug|Any CPU.Build.0 = Debug|Any CPU
		{21A39403-95E1-4A71-B51F-A2880FA392DB}.Release|Any CPU.ActiveCfg = Release|Any CPU
		{21A39403-95E1-4A71-B51F-A2880FA392DB}.Release|Any CPU.Build.0 = Release|Any CPU
		{1840B8DB-23B8-4D35-9B1E-5A73AEBC5079}.Debug|Any CPU.ActiveCfg = Debug|Any CPU
		{1840B8DB-23B8-4D35-9B1E-5A73AEBC5079}.Debug|Any CPU.Build.0 = Debug|Any CPU
		{1840B8DB-23B8-4D35-9B1E-5A73AEBC5079}.Release|Any CPU.ActiveCfg = Release|Any CPU
		{1840B8DB-23B8-4D35-9B1E-5A73AEBC5079}.Release|Any CPU.Build.0 = Release|Any CPU
	EndGlobalSection
	GlobalSection(SolutionProperties) = preSolution
		HideSolutionNode = FALSE
	EndGlobalSection
	GlobalSection(ExtensibilityGlobals) = postSolution
		SolutionGuid = {64E2A9BD-9B7C-4FA8-8852-AD0AF048044A}
	EndGlobalSection
EndGlobal
